// !$*UTF8*$!
{
	archiveVersion = 1;
	classes = {
	};
	objectVersion = 48;
	objects = {

/* Begin PBXBuildFile section */
		0802881F2058EC7600FEBA4E /* CommonSystemAlert.m in Sources */ = {isa = PBXBuildFile; fileRef = 0802881D2058EC7500FEBA4E /* CommonSystemAlert.m */; };
		080288262059205600FEBA4E /* SignUserInfoController.m in Sources */ = {isa = PBXBuildFile; fileRef = 080288242059205600FEBA4E /* SignUserInfoController.m */; };
		080288272059205600FEBA4E /* SignUserInfoController.xib in Resources */ = {isa = PBXBuildFile; fileRef = 080288252059205600FEBA4E /* SignUserInfoController.xib */; };
		0802882A2059297800FEBA4E /* AlertView.m in Sources */ = {isa = PBXBuildFile; fileRef = 080288292059297800FEBA4E /* AlertView.m */; };
		0802882E20592B2900FEBA4E /* MineViewController.m in Sources */ = {isa = PBXBuildFile; fileRef = 0802882C20592B2900FEBA4E /* MineViewController.m */; };
		0802882F20592B2900FEBA4E /* MineViewController.xib in Resources */ = {isa = PBXBuildFile; fileRef = 0802882D20592B2900FEBA4E /* MineViewController.xib */; };
		08028833205A191000FEBA4E /* FindCarportViewController.m in Sources */ = {isa = PBXBuildFile; fileRef = 08028831205A191000FEBA4E /* FindCarportViewController.m */; };
		08028834205A191000FEBA4E /* FindCarportViewController.xib in Resources */ = {isa = PBXBuildFile; fileRef = 08028832205A191000FEBA4E /* FindCarportViewController.xib */; };
		08028839205A21C400FEBA4E /* FindCarportCell.m in Sources */ = {isa = PBXBuildFile; fileRef = 08028837205A21C400FEBA4E /* FindCarportCell.m */; };
		0802883A205A21C400FEBA4E /* FindCarportCell.xib in Resources */ = {isa = PBXBuildFile; fileRef = 08028838205A21C400FEBA4E /* FindCarportCell.xib */; };
		0802883D205A228A00FEBA4E /* FindCarportHeader.m in Sources */ = {isa = PBXBuildFile; fileRef = 0802883C205A228A00FEBA4E /* FindCarportHeader.m */; };
		08028841205A5BEF00FEBA4E /* FindCarportDetailController.m in Sources */ = {isa = PBXBuildFile; fileRef = 0802883F205A5BEF00FEBA4E /* FindCarportDetailController.m */; };
		08028842205A5BEF00FEBA4E /* FindCarportDetailController.xib in Resources */ = {isa = PBXBuildFile; fileRef = 08028840205A5BEF00FEBA4E /* FindCarportDetailController.xib */; };
		08028845205A775300FEBA4E /* MinePointAnnotation.m in Sources */ = {isa = PBXBuildFile; fileRef = 08028843205A775300FEBA4E /* MinePointAnnotation.m */; };
		08028848205B641900FEBA4E /* GeocodeAnnotation.m in Sources */ = {isa = PBXBuildFile; fileRef = 08028847205B641800FEBA4E /* GeocodeAnnotation.m */; };
		0802884C205BBAF400FEBA4E /* EnsureReserveController.m in Sources */ = {isa = PBXBuildFile; fileRef = 0802884A205BBAF300FEBA4E /* EnsureReserveController.m */; };
		0802884D205BBAF400FEBA4E /* EnsureReserveController.xib in Resources */ = {isa = PBXBuildFile; fileRef = 0802884B205BBAF300FEBA4E /* EnsureReserveController.xib */; };
		08081E4520577C57005CB86B /* LeftViewTextField.m in Sources */ = {isa = PBXBuildFile; fileRef = 08081E4420577C57005CB86B /* LeftViewTextField.m */; };
		08081E4920577F8B005CB86B /* RelayoutButton.m in Sources */ = {isa = PBXBuildFile; fileRef = 08081E4820577F8B005CB86B /* RelayoutButton.m */; };
		08081E4C2057A2CC005CB86B /* NetworkTool.m in Sources */ = {isa = PBXBuildFile; fileRef = 08081E4B2057A2CC005CB86B /* NetworkTool.m */; };
		08081E512057B3C2005CB86B /* JSONKit.m in Sources */ = {isa = PBXBuildFile; fileRef = 08081E4F2057B3C2005CB86B /* JSONKit.m */; settings = {COMPILER_FLAGS = "-fno-objc-arc"; }; };
		08081E522057B3C2005CB86B /* README.md in Resources */ = {isa = PBXBuildFile; fileRef = 08081E502057B3C2005CB86B /* README.md */; };
		0808213B205F8E080051980D /* EnsureCancelController.m in Sources */ = {isa = PBXBuildFile; fileRef = 08082139205F8E080051980D /* EnsureCancelController.m */; };
		0808213C205F8E080051980D /* EnsureCancelController.xib in Resources */ = {isa = PBXBuildFile; fileRef = 0808213A205F8E080051980D /* EnsureCancelController.xib */; };
		080A7AC42050DE3700245D7D /* LoginView.m in Sources */ = {isa = PBXBuildFile; fileRef = 080A7AC32050DE3700245D7D /* LoginView.m */; };
		080A7AC72050DE4400245D7D /* SignView.m in Sources */ = {isa = PBXBuildFile; fileRef = 080A7AC62050DE4400245D7D /* SignView.m */; };
		080A7ACA20510E4500245D7D /* BackBtnLayer.m in Sources */ = {isa = PBXBuildFile; fileRef = 080A7AC920510E4500245D7D /* BackBtnLayer.m */; };
		080A7ACD205126C800245D7D /* LoginSegment.m in Sources */ = {isa = PBXBuildFile; fileRef = 080A7ACC205126C800245D7D /* LoginSegment.m */; };
		0835768D205272D800C51BFF /* UserStatus.m in Sources */ = {isa = PBXBuildFile; fileRef = 0835768C205272D800C51BFF /* UserStatus.m */; };
		086F0D07204CDD3E00F354EC /* AppDelegate.m in Sources */ = {isa = PBXBuildFile; fileRef = 086F0D06204CDD3E00F354EC /* AppDelegate.m */; };
		086F0D0F204CDD3E00F354EC /* Assets.xcassets in Resources */ = {isa = PBXBuildFile; fileRef = 086F0D0E204CDD3E00F354EC /* Assets.xcassets */; };
		086F0D15204CDD3E00F354EC /* main.m in Sources */ = {isa = PBXBuildFile; fileRef = 086F0D14204CDD3E00F354EC /* main.m */; };
		086F0D1F204CDD3E00F354EC /* SmarkParkTests.m in Sources */ = {isa = PBXBuildFile; fileRef = 086F0D1E204CDD3E00F354EC /* SmarkParkTests.m */; };
		086F0D2A204CDD3E00F354EC /* SmarkParkUITests.m in Sources */ = {isa = PBXBuildFile; fileRef = 086F0D29204CDD3E00F354EC /* SmarkParkUITests.m */; };
		086F0D3D204CE0D600F354EC /* BasicViewController.m in Sources */ = {isa = PBXBuildFile; fileRef = 086F0D3C204CE0D600F354EC /* BasicViewController.m */; };
		086F0D41204CE18600F354EC /* HomeViewController.m in Sources */ = {isa = PBXBuildFile; fileRef = 086F0D3F204CE18600F354EC /* HomeViewController.m */; };
		086F0D42204CE18600F354EC /* HomeViewController.xib in Resources */ = {isa = PBXBuildFile; fileRef = 086F0D40204CE18600F354EC /* HomeViewController.xib */; };
		086F0D45204CE66A00F354EC /* BootViewControllerManager.m in Sources */ = {isa = PBXBuildFile; fileRef = 086F0D44204CE66A00F354EC /* BootViewControllerManager.m */; };
		086F0D50204D0C1800F354EC /* LoginViewController.m in Sources */ = {isa = PBXBuildFile; fileRef = 086F0D4E204D0C1800F354EC /* LoginViewController.m */; };
		086F0D51204D0C1800F354EC /* LoginViewController.xib in Resources */ = {isa = PBXBuildFile; fileRef = 086F0D4F204D0C1800F354EC /* LoginViewController.xib */; };
		086F0D5A204D0E3900F354EC /* HomeWeatherView.m in Sources */ = {isa = PBXBuildFile; fileRef = 086F0D59204D0E3900F354EC /* HomeWeatherView.m */; };
		086F0D97204D35C300F354EC /* CommonTools.m in Sources */ = {isa = PBXBuildFile; fileRef = 086F0D85204D35C300F354EC /* CommonTools.m */; };
		0872827F205676D10098B358 /* FindPsdViewController.m in Sources */ = {isa = PBXBuildFile; fileRef = 0872827D205676D10098B358 /* FindPsdViewController.m */; };
		08728280205676D10098B358 /* FindPsdViewController.xib in Resources */ = {isa = PBXBuildFile; fileRef = 0872827E205676D10098B358 /* FindPsdViewController.xib */; };
		087282842056806B0098B358 /* ProtocolViewController.m in Sources */ = {isa = PBXBuildFile; fileRef = 087282822056806B0098B358 /* ProtocolViewController.m */; };
		087282852056806B0098B358 /* ProtocolViewController.xib in Resources */ = {isa = PBXBuildFile; fileRef = 087282832056806B0098B358 /* ProtocolViewController.xib */; };
		087282892056B7F30098B358 /* CommonNetwork.m in Sources */ = {isa = PBXBuildFile; fileRef = 087282882056B7F30098B358 /* CommonNetwork.m */; };
		08FEE8E92063B2A200ADA00F /* PublishViewController.m in Sources */ = {isa = PBXBuildFile; fileRef = 08FEE8E72063B2A200ADA00F /* PublishViewController.m */; };
		08FEE8EA2063B2A200ADA00F /* PublishViewController.xib in Resources */ = {isa = PBXBuildFile; fileRef = 08FEE8E82063B2A200ADA00F /* PublishViewController.xib */; };
		6FA9434C75F95090EB597EF5 /* libPods-SmarkPark.a in Frameworks */ = {isa = PBXBuildFile; fileRef = 51A29F880B6003BD1BF42D27 /* libPods-SmarkPark.a */; };
/* End PBXBuildFile section */

/* Begin PBXContainerItemProxy section */
		086F0D1B204CDD3E00F354EC /* PBXContainerItemProxy */ = {
			isa = PBXContainerItemProxy;
			containerPortal = 086F0CFA204CDD3E00F354EC /* Project object */;
			proxyType = 1;
			remoteGlobalIDString = 086F0D01204CDD3E00F354EC;
			remoteInfo = SmarkPark;
		};
		086F0D26204CDD3E00F354EC /* PBXContainerItemProxy */ = {
			isa = PBXContainerItemProxy;
			containerPortal = 086F0CFA204CDD3E00F354EC /* Project object */;
			proxyType = 1;
			remoteGlobalIDString = 086F0D01204CDD3E00F354EC;
			remoteInfo = SmarkPark;
		};
/* End PBXContainerItemProxy section */

/* Begin PBXFileReference section */
		0802881D2058EC7500FEBA4E /* CommonSystemAlert.m */ = {isa = PBXFileReference; fileEncoding = 4; lastKnownFileType = sourcecode.c.objc; path = CommonSystemAlert.m; sourceTree = "<group>"; };
		0802881E2058EC7500FEBA4E /* CommonSystemAlert.h */ = {isa = PBXFileReference; fileEncoding = 4; lastKnownFileType = sourcecode.c.h; path = CommonSystemAlert.h; sourceTree = "<group>"; };
		080288232059205600FEBA4E /* SignUserInfoController.h */ = {isa = PBXFileReference; lastKnownFileType = sourcecode.c.h; path = SignUserInfoController.h; sourceTree = "<group>"; };
		080288242059205600FEBA4E /* SignUserInfoController.m */ = {isa = PBXFileReference; lastKnownFileType = sourcecode.c.objc; path = SignUserInfoController.m; sourceTree = "<group>"; };
		080288252059205600FEBA4E /* SignUserInfoController.xib */ = {isa = PBXFileReference; lastKnownFileType = file.xib; path = SignUserInfoController.xib; sourceTree = "<group>"; };
		080288282059297800FEBA4E /* AlertView.h */ = {isa = PBXFileReference; lastKnownFileType = sourcecode.c.h; path = AlertView.h; sourceTree = "<group>"; };
		080288292059297800FEBA4E /* AlertView.m */ = {isa = PBXFileReference; lastKnownFileType = sourcecode.c.objc; path = AlertView.m; sourceTree = "<group>"; };
		0802882B20592B2900FEBA4E /* MineViewController.h */ = {isa = PBXFileReference; lastKnownFileType = sourcecode.c.h; path = MineViewController.h; sourceTree = "<group>"; };
		0802882C20592B2900FEBA4E /* MineViewController.m */ = {isa = PBXFileReference; lastKnownFileType = sourcecode.c.objc; path = MineViewController.m; sourceTree = "<group>"; };
		0802882D20592B2900FEBA4E /* MineViewController.xib */ = {isa = PBXFileReference; lastKnownFileType = file.xib; path = MineViewController.xib; sourceTree = "<group>"; };
		08028830205A191000FEBA4E /* FindCarportViewController.h */ = {isa = PBXFileReference; lastKnownFileType = sourcecode.c.h; path = FindCarportViewController.h; sourceTree = "<group>"; };
		08028831205A191000FEBA4E /* FindCarportViewController.m */ = {isa = PBXFileReference; lastKnownFileType = sourcecode.c.objc; path = FindCarportViewController.m; sourceTree = "<group>"; };
		08028832205A191000FEBA4E /* FindCarportViewController.xib */ = {isa = PBXFileReference; lastKnownFileType = file.xib; path = FindCarportViewController.xib; sourceTree = "<group>"; };
		08028836205A21C400FEBA4E /* FindCarportCell.h */ = {isa = PBXFileReference; lastKnownFileType = sourcecode.c.h; path = FindCarportCell.h; sourceTree = "<group>"; };
		08028837205A21C400FEBA4E /* FindCarportCell.m */ = {isa = PBXFileReference; lastKnownFileType = sourcecode.c.objc; path = FindCarportCell.m; sourceTree = "<group>"; };
		08028838205A21C400FEBA4E /* FindCarportCell.xib */ = {isa = PBXFileReference; lastKnownFileType = file.xib; path = FindCarportCell.xib; sourceTree = "<group>"; };
		0802883B205A228A00FEBA4E /* FindCarportHeader.h */ = {isa = PBXFileReference; lastKnownFileType = sourcecode.c.h; path = FindCarportHeader.h; sourceTree = "<group>"; };
		0802883C205A228A00FEBA4E /* FindCarportHeader.m */ = {isa = PBXFileReference; lastKnownFileType = sourcecode.c.objc; path = FindCarportHeader.m; sourceTree = "<group>"; };
		0802883E205A5BEF00FEBA4E /* FindCarportDetailController.h */ = {isa = PBXFileReference; lastKnownFileType = sourcecode.c.h; path = FindCarportDetailController.h; sourceTree = "<group>"; };
		0802883F205A5BEF00FEBA4E /* FindCarportDetailController.m */ = {isa = PBXFileReference; lastKnownFileType = sourcecode.c.objc; path = FindCarportDetailController.m; sourceTree = "<group>"; };
		08028840205A5BEF00FEBA4E /* FindCarportDetailController.xib */ = {isa = PBXFileReference; lastKnownFileType = file.xib; path = FindCarportDetailController.xib; sourceTree = "<group>"; };
		08028843205A775300FEBA4E /* MinePointAnnotation.m */ = {isa = PBXFileReference; fileEncoding = 4; lastKnownFileType = sourcecode.c.objc; path = MinePointAnnotation.m; sourceTree = "<group>"; };
		08028844205A775300FEBA4E /* MinePointAnnotation.h */ = {isa = PBXFileReference; fileEncoding = 4; lastKnownFileType = sourcecode.c.h; path = MinePointAnnotation.h; sourceTree = "<group>"; };
		08028846205B641800FEBA4E /* GeocodeAnnotation.h */ = {isa = PBXFileReference; fileEncoding = 4; lastKnownFileType = sourcecode.c.h; path = GeocodeAnnotation.h; sourceTree = "<group>"; };
		08028847205B641800FEBA4E /* GeocodeAnnotation.m */ = {isa = PBXFileReference; fileEncoding = 4; lastKnownFileType = sourcecode.c.objc; path = GeocodeAnnotation.m; sourceTree = "<group>"; };
		08028849205BBAF300FEBA4E /* EnsureReserveController.h */ = {isa = PBXFileReference; lastKnownFileType = sourcecode.c.h; path = EnsureReserveController.h; sourceTree = "<group>"; };
		0802884A205BBAF300FEBA4E /* EnsureReserveController.m */ = {isa = PBXFileReference; lastKnownFileType = sourcecode.c.objc; path = EnsureReserveController.m; sourceTree = "<group>"; usesTabs = 0; };
		0802884B205BBAF300FEBA4E /* EnsureReserveController.xib */ = {isa = PBXFileReference; lastKnownFileType = file.xib; path = EnsureReserveController.xib; sourceTree = "<group>"; };
		08081E4320577C57005CB86B /* LeftViewTextField.h */ = {isa = PBXFileReference; lastKnownFileType = sourcecode.c.h; path = LeftViewTextField.h; sourceTree = "<group>"; };
		08081E4420577C57005CB86B /* LeftViewTextField.m */ = {isa = PBXFileReference; lastKnownFileType = sourcecode.c.objc; path = LeftViewTextField.m; sourceTree = "<group>"; };
		08081E4720577F8B005CB86B /* RelayoutButton.h */ = {isa = PBXFileReference; fileEncoding = 4; lastKnownFileType = sourcecode.c.h; path = RelayoutButton.h; sourceTree = "<group>"; };
		08081E4820577F8B005CB86B /* RelayoutButton.m */ = {isa = PBXFileReference; fileEncoding = 4; lastKnownFileType = sourcecode.c.objc; path = RelayoutButton.m; sourceTree = "<group>"; };
		08081E4A2057A2CC005CB86B /* NetworkTool.h */ = {isa = PBXFileReference; lastKnownFileType = sourcecode.c.h; path = NetworkTool.h; sourceTree = "<group>"; };
		08081E4B2057A2CC005CB86B /* NetworkTool.m */ = {isa = PBXFileReference; lastKnownFileType = sourcecode.c.objc; path = NetworkTool.m; sourceTree = "<group>"; };
		08081E4E2057B3C2005CB86B /* JSONKit.h */ = {isa = PBXFileReference; fileEncoding = 4; lastKnownFileType = sourcecode.c.h; path = JSONKit.h; sourceTree = "<group>"; };
		08081E4F2057B3C2005CB86B /* JSONKit.m */ = {isa = PBXFileReference; fileEncoding = 4; lastKnownFileType = sourcecode.c.objc; path = JSONKit.m; sourceTree = "<group>"; };
		08081E502057B3C2005CB86B /* README.md */ = {isa = PBXFileReference; fileEncoding = 4; lastKnownFileType = net.daringfireball.markdown; path = README.md; sourceTree = "<group>"; };
		08082138205F8E080051980D /* EnsureCancelController.h */ = {isa = PBXFileReference; lastKnownFileType = sourcecode.c.h; path = EnsureCancelController.h; sourceTree = "<group>"; };
		08082139205F8E080051980D /* EnsureCancelController.m */ = {isa = PBXFileReference; lastKnownFileType = sourcecode.c.objc; path = EnsureCancelController.m; sourceTree = "<group>"; };
		0808213A205F8E080051980D /* EnsureCancelController.xib */ = {isa = PBXFileReference; lastKnownFileType = file.xib; path = EnsureCancelController.xib; sourceTree = "<group>"; };
		080A7AC22050DE3700245D7D /* LoginView.h */ = {isa = PBXFileReference; lastKnownFileType = sourcecode.c.h; path = LoginView.h; sourceTree = "<group>"; };
		080A7AC32050DE3700245D7D /* LoginView.m */ = {isa = PBXFileReference; lastKnownFileType = sourcecode.c.objc; path = LoginView.m; sourceTree = "<group>"; };
		080A7AC52050DE4400245D7D /* SignView.h */ = {isa = PBXFileReference; lastKnownFileType = sourcecode.c.h; path = SignView.h; sourceTree = "<group>"; };
		080A7AC62050DE4400245D7D /* SignView.m */ = {isa = PBXFileReference; lastKnownFileType = sourcecode.c.objc; path = SignView.m; sourceTree = "<group>"; };
		080A7AC820510E4500245D7D /* BackBtnLayer.h */ = {isa = PBXFileReference; lastKnownFileType = sourcecode.c.h; path = BackBtnLayer.h; sourceTree = "<group>"; };
		080A7AC920510E4500245D7D /* BackBtnLayer.m */ = {isa = PBXFileReference; lastKnownFileType = sourcecode.c.objc; path = BackBtnLayer.m; sourceTree = "<group>"; };
		080A7ACB205126C800245D7D /* LoginSegment.h */ = {isa = PBXFileReference; lastKnownFileType = sourcecode.c.h; path = LoginSegment.h; sourceTree = "<group>"; };
		080A7ACC205126C800245D7D /* LoginSegment.m */ = {isa = PBXFileReference; lastKnownFileType = sourcecode.c.objc; path = LoginSegment.m; sourceTree = "<group>"; };
		0835768B205272D800C51BFF /* UserStatus.h */ = {isa = PBXFileReference; lastKnownFileType = sourcecode.c.h; path = UserStatus.h; sourceTree = "<group>"; };
		0835768C205272D800C51BFF /* UserStatus.m */ = {isa = PBXFileReference; lastKnownFileType = sourcecode.c.objc; path = UserStatus.m; sourceTree = "<group>"; };
		086F0D02204CDD3E00F354EC /* SmarkPark.app */ = {isa = PBXFileReference; explicitFileType = wrapper.application; includeInIndex = 0; path = SmarkPark.app; sourceTree = BUILT_PRODUCTS_DIR; };
		086F0D05204CDD3E00F354EC /* AppDelegate.h */ = {isa = PBXFileReference; lastKnownFileType = sourcecode.c.h; path = AppDelegate.h; sourceTree = "<group>"; };
		086F0D06204CDD3E00F354EC /* AppDelegate.m */ = {isa = PBXFileReference; lastKnownFileType = sourcecode.c.objc; path = AppDelegate.m; sourceTree = "<group>"; };
		086F0D0E204CDD3E00F354EC /* Assets.xcassets */ = {isa = PBXFileReference; lastKnownFileType = folder.assetcatalog; path = Assets.xcassets; sourceTree = "<group>"; };
		086F0D13204CDD3E00F354EC /* Info.plist */ = {isa = PBXFileReference; lastKnownFileType = text.plist.xml; path = Info.plist; sourceTree = "<group>"; };
		086F0D14204CDD3E00F354EC /* main.m */ = {isa = PBXFileReference; lastKnownFileType = sourcecode.c.objc; path = main.m; sourceTree = "<group>"; };
		086F0D1A204CDD3E00F354EC /* SmarkParkTests.xctest */ = {isa = PBXFileReference; explicitFileType = wrapper.cfbundle; includeInIndex = 0; path = SmarkParkTests.xctest; sourceTree = BUILT_PRODUCTS_DIR; };
		086F0D1E204CDD3E00F354EC /* SmarkParkTests.m */ = {isa = PBXFileReference; lastKnownFileType = sourcecode.c.objc; path = SmarkParkTests.m; sourceTree = "<group>"; };
		086F0D20204CDD3E00F354EC /* Info.plist */ = {isa = PBXFileReference; lastKnownFileType = text.plist.xml; path = Info.plist; sourceTree = "<group>"; };
		086F0D25204CDD3E00F354EC /* SmarkParkUITests.xctest */ = {isa = PBXFileReference; explicitFileType = wrapper.cfbundle; includeInIndex = 0; path = SmarkParkUITests.xctest; sourceTree = BUILT_PRODUCTS_DIR; };
		086F0D29204CDD3E00F354EC /* SmarkParkUITests.m */ = {isa = PBXFileReference; lastKnownFileType = sourcecode.c.objc; path = SmarkParkUITests.m; sourceTree = "<group>"; };
		086F0D2B204CDD3E00F354EC /* Info.plist */ = {isa = PBXFileReference; lastKnownFileType = text.plist.xml; path = Info.plist; sourceTree = "<group>"; };
		086F0D3B204CE0D600F354EC /* BasicViewController.h */ = {isa = PBXFileReference; lastKnownFileType = sourcecode.c.h; path = BasicViewController.h; sourceTree = "<group>"; };
		086F0D3C204CE0D600F354EC /* BasicViewController.m */ = {isa = PBXFileReference; lastKnownFileType = sourcecode.c.objc; path = BasicViewController.m; sourceTree = "<group>"; };
		086F0D3E204CE18600F354EC /* HomeViewController.h */ = {isa = PBXFileReference; lastKnownFileType = sourcecode.c.h; path = HomeViewController.h; sourceTree = "<group>"; };
		086F0D3F204CE18600F354EC /* HomeViewController.m */ = {isa = PBXFileReference; lastKnownFileType = sourcecode.c.objc; path = HomeViewController.m; sourceTree = "<group>"; };
		086F0D40204CE18600F354EC /* HomeViewController.xib */ = {isa = PBXFileReference; lastKnownFileType = file.xib; path = HomeViewController.xib; sourceTree = "<group>"; };
		086F0D43204CE66A00F354EC /* BootViewControllerManager.h */ = {isa = PBXFileReference; lastKnownFileType = sourcecode.c.h; path = BootViewControllerManager.h; sourceTree = "<group>"; };
		086F0D44204CE66A00F354EC /* BootViewControllerManager.m */ = {isa = PBXFileReference; lastKnownFileType = sourcecode.c.objc; path = BootViewControllerManager.m; sourceTree = "<group>"; };
		086F0D46204CE87700F354EC /* CommonMacro.h */ = {isa = PBXFileReference; lastKnownFileType = sourcecode.c.h; path = CommonMacro.h; sourceTree = "<group>"; };
		086F0D47204CE88F00F354EC /* CommonConfig.h */ = {isa = PBXFileReference; lastKnownFileType = sourcecode.c.h; path = CommonConfig.h; sourceTree = "<group>"; };
		086F0D4B204D091A00F354EC /* PrefixHeader.pch */ = {isa = PBXFileReference; lastKnownFileType = sourcecode.c.h; path = PrefixHeader.pch; sourceTree = "<group>"; };
		086F0D4D204D0C1800F354EC /* LoginViewController.h */ = {isa = PBXFileReference; lastKnownFileType = sourcecode.c.h; path = LoginViewController.h; sourceTree = "<group>"; };
		086F0D4E204D0C1800F354EC /* LoginViewController.m */ = {isa = PBXFileReference; lastKnownFileType = sourcecode.c.objc; path = LoginViewController.m; sourceTree = "<group>"; };
		086F0D4F204D0C1800F354EC /* LoginViewController.xib */ = {isa = PBXFileReference; lastKnownFileType = file.xib; path = LoginViewController.xib; sourceTree = "<group>"; };
		086F0D58204D0E3900F354EC /* HomeWeatherView.h */ = {isa = PBXFileReference; lastKnownFileType = sourcecode.c.h; path = HomeWeatherView.h; sourceTree = "<group>"; };
		086F0D59204D0E3900F354EC /* HomeWeatherView.m */ = {isa = PBXFileReference; lastKnownFileType = sourcecode.c.objc; path = HomeWeatherView.m; sourceTree = "<group>"; };
		086F0D84204D35C300F354EC /* CommonTools.h */ = {isa = PBXFileReference; fileEncoding = 4; lastKnownFileType = sourcecode.c.h; path = CommonTools.h; sourceTree = "<group>"; };
		086F0D85204D35C300F354EC /* CommonTools.m */ = {isa = PBXFileReference; fileEncoding = 4; lastKnownFileType = sourcecode.c.objc; path = CommonTools.m; sourceTree = "<group>"; };
		0872827C205676D10098B358 /* FindPsdViewController.h */ = {isa = PBXFileReference; lastKnownFileType = sourcecode.c.h; path = FindPsdViewController.h; sourceTree = "<group>"; };
		0872827D205676D10098B358 /* FindPsdViewController.m */ = {isa = PBXFileReference; lastKnownFileType = sourcecode.c.objc; path = FindPsdViewController.m; sourceTree = "<group>"; };
		0872827E205676D10098B358 /* FindPsdViewController.xib */ = {isa = PBXFileReference; lastKnownFileType = file.xib; path = FindPsdViewController.xib; sourceTree = "<group>"; };
		087282812056806B0098B358 /* ProtocolViewController.h */ = {isa = PBXFileReference; lastKnownFileType = sourcecode.c.h; path = ProtocolViewController.h; sourceTree = "<group>"; };
		087282822056806B0098B358 /* ProtocolViewController.m */ = {isa = PBXFileReference; lastKnownFileType = sourcecode.c.objc; path = ProtocolViewController.m; sourceTree = "<group>"; };
		087282832056806B0098B358 /* ProtocolViewController.xib */ = {isa = PBXFileReference; lastKnownFileType = file.xib; path = ProtocolViewController.xib; sourceTree = "<group>"; };
		087282872056B7F30098B358 /* CommonNetwork.h */ = {isa = PBXFileReference; lastKnownFileType = sourcecode.c.h; path = CommonNetwork.h; sourceTree = "<group>"; };
		087282882056B7F30098B358 /* CommonNetwork.m */ = {isa = PBXFileReference; lastKnownFileType = sourcecode.c.objc; path = CommonNetwork.m; sourceTree = "<group>"; };
		0872828A2056B99F0098B358 /* GlobalModel.h */ = {isa = PBXFileReference; lastKnownFileType = sourcecode.c.h; path = GlobalModel.h; sourceTree = "<group>"; };
		08FEE8E62063B2A200ADA00F /* PublishViewController.h */ = {isa = PBXFileReference; lastKnownFileType = sourcecode.c.h; path = PublishViewController.h; sourceTree = "<group>"; };
		08FEE8E72063B2A200ADA00F /* PublishViewController.m */ = {isa = PBXFileReference; lastKnownFileType = sourcecode.c.objc; path = PublishViewController.m; sourceTree = "<group>"; };
		08FEE8E82063B2A200ADA00F /* PublishViewController.xib */ = {isa = PBXFileReference; lastKnownFileType = file.xib; path = PublishViewController.xib; sourceTree = "<group>"; };
		47BA932D9E6BB6207B8AF880 /* Pods-SmarkPark.debug.xcconfig */ = {isa = PBXFileReference; includeInIndex = 1; lastKnownFileType = text.xcconfig; name = "Pods-SmarkPark.debug.xcconfig"; path = "Pods/Target Support Files/Pods-SmarkPark/Pods-SmarkPark.debug.xcconfig"; sourceTree = "<group>"; };
		51A29F880B6003BD1BF42D27 /* libPods-SmarkPark.a */ = {isa = PBXFileReference; explicitFileType = archive.ar; includeInIndex = 0; path = "libPods-SmarkPark.a"; sourceTree = BUILT_PRODUCTS_DIR; };
		C631A72CE29ED439BF54406F /* Pods-SmarkPark.release.xcconfig */ = {isa = PBXFileReference; includeInIndex = 1; lastKnownFileType = text.xcconfig; name = "Pods-SmarkPark.release.xcconfig"; path = "Pods/Target Support Files/Pods-SmarkPark/Pods-SmarkPark.release.xcconfig"; sourceTree = "<group>"; };
/* End PBXFileReference section */

/* Begin PBXFrameworksBuildPhase section */
		086F0CFF204CDD3E00F354EC /* Frameworks */ = {
			isa = PBXFrameworksBuildPhase;
			buildActionMask = 2147483647;
			files = (
				6FA9434C75F95090EB597EF5 /* libPods-SmarkPark.a in Frameworks */,
			);
			runOnlyForDeploymentPostprocessing = 0;
		};
		086F0D17204CDD3E00F354EC /* Frameworks */ = {
			isa = PBXFrameworksBuildPhase;
			buildActionMask = 2147483647;
			files = (
			);
			runOnlyForDeploymentPostprocessing = 0;
		};
		086F0D22204CDD3E00F354EC /* Frameworks */ = {
			isa = PBXFrameworksBuildPhase;
			buildActionMask = 2147483647;
			files = (
			);
			runOnlyForDeploymentPostprocessing = 0;
		};
/* End PBXFrameworksBuildPhase section */

/* Begin PBXGroup section */
		08028820205913E900FEBA4E /* Find */ = {
			isa = PBXGroup;
			children = (
				08028835205A21A300FEBA4E /* View */,
				08028830205A191000FEBA4E /* FindCarportViewController.h */,
				08028831205A191000FEBA4E /* FindCarportViewController.m */,
				08028832205A191000FEBA4E /* FindCarportViewController.xib */,
				0802883E205A5BEF00FEBA4E /* FindCarportDetailController.h */,
				0802883F205A5BEF00FEBA4E /* FindCarportDetailController.m */,
				08028840205A5BEF00FEBA4E /* FindCarportDetailController.xib */,
				08028849205BBAF300FEBA4E /* EnsureReserveController.h */,
				0802884A205BBAF300FEBA4E /* EnsureReserveController.m */,
				0802884B205BBAF300FEBA4E /* EnsureReserveController.xib */,
				08082138205F8E080051980D /* EnsureCancelController.h */,
				08082139205F8E080051980D /* EnsureCancelController.m */,
				0808213A205F8E080051980D /* EnsureCancelController.xib */,
			);
			path = Find;
			sourceTree = "<group>";
		};
		080288212059140200FEBA4E /* Publish */ = {
			isa = PBXGroup;
			children = (
				08FEE8E62063B2A200ADA00F /* PublishViewController.h */,
				08FEE8E72063B2A200ADA00F /* PublishViewController.m */,
				08FEE8E82063B2A200ADA00F /* PublishViewController.xib */,
			);
			path = Publish;
			sourceTree = "<group>";
		};
		080288222059141800FEBA4E /* Mine */ = {
			isa = PBXGroup;
			children = (
				0802882B20592B2900FEBA4E /* MineViewController.h */,
				0802882C20592B2900FEBA4E /* MineViewController.m */,
				0802882D20592B2900FEBA4E /* MineViewController.xib */,
			);
			path = Mine;
			sourceTree = "<group>";
		};
		08028835205A21A300FEBA4E /* View */ = {
			isa = PBXGroup;
			children = (
				08028846205B641800FEBA4E /* GeocodeAnnotation.h */,
				08028847205B641800FEBA4E /* GeocodeAnnotation.m */,
				08028844205A775300FEBA4E /* MinePointAnnotation.h */,
				08028843205A775300FEBA4E /* MinePointAnnotation.m */,
				08028836205A21C400FEBA4E /* FindCarportCell.h */,
				08028837205A21C400FEBA4E /* FindCarportCell.m */,
				08028838205A21C400FEBA4E /* FindCarportCell.xib */,
				0802883B205A228A00FEBA4E /* FindCarportHeader.h */,
				0802883C205A228A00FEBA4E /* FindCarportHeader.m */,
			);
			path = View;
			sourceTree = "<group>";
		};
		08081E4220577C33005CB86B /* CommonCategory */ = {
			isa = PBXGroup;
			children = (
				08081E4320577C57005CB86B /* LeftViewTextField.h */,
				08081E4420577C57005CB86B /* LeftViewTextField.m */,
			);
			path = CommonCategory;
			sourceTree = "<group>";
		};
		08081E4620577F8B005CB86B /* RelayoutButton */ = {
			isa = PBXGroup;
			children = (
				08081E4720577F8B005CB86B /* RelayoutButton.h */,
				08081E4820577F8B005CB86B /* RelayoutButton.m */,
			);
			path = RelayoutButton;
			sourceTree = "<group>";
		};
		08081E4D2057B3C2005CB86B /* JSONKit */ = {
			isa = PBXGroup;
			children = (
				08081E4E2057B3C2005CB86B /* JSONKit.h */,
				08081E4F2057B3C2005CB86B /* JSONKit.m */,
				08081E502057B3C2005CB86B /* README.md */,
			);
			path = JSONKit;
			sourceTree = "<group>";
		};
		080A7AC12050DE1E00245D7D /* View */ = {
			isa = PBXGroup;
			children = (
				080A7AC22050DE3700245D7D /* LoginView.h */,
				080A7AC32050DE3700245D7D /* LoginView.m */,
				080A7AC52050DE4400245D7D /* SignView.h */,
				080A7AC62050DE4400245D7D /* SignView.m */,
				080A7AC820510E4500245D7D /* BackBtnLayer.h */,
				080A7AC920510E4500245D7D /* BackBtnLayer.m */,
				080A7ACB205126C800245D7D /* LoginSegment.h */,
				080A7ACC205126C800245D7D /* LoginSegment.m */,
			);
			path = View;
			sourceTree = "<group>";
		};
		0835768A205272BF00C51BFF /* Model */ = {
			isa = PBXGroup;
			children = (
				0835768B205272D800C51BFF /* UserStatus.h */,
				0835768C205272D800C51BFF /* UserStatus.m */,
				0872828A2056B99F0098B358 /* GlobalModel.h */,
			);
			path = Model;
			sourceTree = "<group>";
		};
		086F0CF9204CDD3E00F354EC = {
			isa = PBXGroup;
			children = (
				086F0D04204CDD3E00F354EC /* SmarkPark */,
				086F0D1D204CDD3E00F354EC /* SmarkParkTests */,
				086F0D28204CDD3E00F354EC /* SmarkParkUITests */,
				086F0D03204CDD3E00F354EC /* Products */,
				3BFD4C378CF4609094D16108 /* Pods */,
				799D067A65FC44D5194FB696 /* Frameworks */,
			);
			sourceTree = "<group>";
		};
		086F0D03204CDD3E00F354EC /* Products */ = {
			isa = PBXGroup;
			children = (
				086F0D02204CDD3E00F354EC /* SmarkPark.app */,
				086F0D1A204CDD3E00F354EC /* SmarkParkTests.xctest */,
				086F0D25204CDD3E00F354EC /* SmarkParkUITests.xctest */,
			);
			name = Products;
			sourceTree = "<group>";
		};
		086F0D04204CDD3E00F354EC /* SmarkPark */ = {
			isa = PBXGroup;
			children = (
				086F0D38204CDE3100F354EC /* Common */,
				086F0D37204CDE2900F354EC /* Controller */,
				086F0D05204CDD3E00F354EC /* AppDelegate.h */,
				086F0D06204CDD3E00F354EC /* AppDelegate.m */,
				086F0D0E204CDD3E00F354EC /* Assets.xcassets */,
				086F0D13204CDD3E00F354EC /* Info.plist */,
				086F0D14204CDD3E00F354EC /* main.m */,
				086F0D4B204D091A00F354EC /* PrefixHeader.pch */,
			);
			path = SmarkPark;
			sourceTree = "<group>";
		};
		086F0D1D204CDD3E00F354EC /* SmarkParkTests */ = {
			isa = PBXGroup;
			children = (
				086F0D1E204CDD3E00F354EC /* SmarkParkTests.m */,
				086F0D20204CDD3E00F354EC /* Info.plist */,
			);
			path = SmarkParkTests;
			sourceTree = "<group>";
		};
		086F0D28204CDD3E00F354EC /* SmarkParkUITests */ = {
			isa = PBXGroup;
			children = (
				086F0D29204CDD3E00F354EC /* SmarkParkUITests.m */,
				086F0D2B204CDD3E00F354EC /* Info.plist */,
			);
			path = SmarkParkUITests;
			sourceTree = "<group>";
		};
		086F0D37204CDE2900F354EC /* Controller */ = {
			isa = PBXGroup;
			children = (
				086F0D4C204D0C0100F354EC /* Login */,
				086F0D3A204CE0BB00F354EC /* Basic */,
				086F0D39204CDE4D00F354EC /* Home */,
				08028820205913E900FEBA4E /* Find */,
				080288212059140200FEBA4E /* Publish */,
				080288222059141800FEBA4E /* Mine */,
			);
			path = Controller;
			sourceTree = "<group>";
		};
		086F0D38204CDE3100F354EC /* Common */ = {
			isa = PBXGroup;
			children = (
				08081E4620577F8B005CB86B /* RelayoutButton */,
				08081E4220577C33005CB86B /* CommonCategory */,
				087282862056B7B20098B358 /* NetworkTool */,
				086F0D60204D35C300F354EC /* CommonTools */,
				0835768A205272BF00C51BFF /* Model */,
				086F0D46204CE87700F354EC /* CommonMacro.h */,
				086F0D47204CE88F00F354EC /* CommonConfig.h */,
			);
			path = Common;
			sourceTree = "<group>";
		};
		086F0D39204CDE4D00F354EC /* Home */ = {
			isa = PBXGroup;
			children = (
				086F0D57204D0E1700F354EC /* View */,
				086F0D3E204CE18600F354EC /* HomeViewController.h */,
				086F0D3F204CE18600F354EC /* HomeViewController.m */,
				086F0D40204CE18600F354EC /* HomeViewController.xib */,
			);
			path = Home;
			sourceTree = "<group>";
		};
		086F0D3A204CE0BB00F354EC /* Basic */ = {
			isa = PBXGroup;
			children = (
				086F0D3B204CE0D600F354EC /* BasicViewController.h */,
				086F0D3C204CE0D600F354EC /* BasicViewController.m */,
				086F0D43204CE66A00F354EC /* BootViewControllerManager.h */,
				086F0D44204CE66A00F354EC /* BootViewControllerManager.m */,
			);
			path = Basic;
			sourceTree = "<group>";
		};
		086F0D4C204D0C0100F354EC /* Login */ = {
			isa = PBXGroup;
			children = (
				080A7AC12050DE1E00245D7D /* View */,
				086F0D4D204D0C1800F354EC /* LoginViewController.h */,
				086F0D4E204D0C1800F354EC /* LoginViewController.m */,
				086F0D4F204D0C1800F354EC /* LoginViewController.xib */,
				0872827C205676D10098B358 /* FindPsdViewController.h */,
				0872827D205676D10098B358 /* FindPsdViewController.m */,
				0872827E205676D10098B358 /* FindPsdViewController.xib */,
				087282812056806B0098B358 /* ProtocolViewController.h */,
				087282822056806B0098B358 /* ProtocolViewController.m */,
				087282832056806B0098B358 /* ProtocolViewController.xib */,
				080288232059205600FEBA4E /* SignUserInfoController.h */,
				080288242059205600FEBA4E /* SignUserInfoController.m */,
				080288252059205600FEBA4E /* SignUserInfoController.xib */,
			);
			path = Login;
			sourceTree = "<group>";
		};
		086F0D57204D0E1700F354EC /* View */ = {
			isa = PBXGroup;
			children = (
				086F0D58204D0E3900F354EC /* HomeWeatherView.h */,
				086F0D59204D0E3900F354EC /* HomeWeatherView.m */,
			);
			path = View;
			sourceTree = "<group>";
		};
		086F0D60204D35C300F354EC /* CommonTools */ = {
			isa = PBXGroup;
			children = (
				0802881E2058EC7500FEBA4E /* CommonSystemAlert.h */,
				0802881D2058EC7500FEBA4E /* CommonSystemAlert.m */,
				086F0D84204D35C300F354EC /* CommonTools.h */,
				086F0D85204D35C300F354EC /* CommonTools.m */,
				080288282059297800FEBA4E /* AlertView.h */,
				080288292059297800FEBA4E /* AlertView.m */,
			);
			path = CommonTools;
			sourceTree = "<group>";
		};
		087282862056B7B20098B358 /* NetworkTool */ = {
			isa = PBXGroup;
			children = (
				08081E4D2057B3C2005CB86B /* JSONKit */,
				087282872056B7F30098B358 /* CommonNetwork.h */,
				087282882056B7F30098B358 /* CommonNetwork.m */,
				08081E4A2057A2CC005CB86B /* NetworkTool.h */,
				08081E4B2057A2CC005CB86B /* NetworkTool.m */,
			);
			path = NetworkTool;
			sourceTree = "<group>";
		};
		3BFD4C378CF4609094D16108 /* Pods */ = {
			isa = PBXGroup;
			children = (
				47BA932D9E6BB6207B8AF880 /* Pods-SmarkPark.debug.xcconfig */,
				C631A72CE29ED439BF54406F /* Pods-SmarkPark.release.xcconfig */,
			);
			name = Pods;
			sourceTree = "<group>";
		};
		799D067A65FC44D5194FB696 /* Frameworks */ = {
			isa = PBXGroup;
			children = (
				51A29F880B6003BD1BF42D27 /* libPods-SmarkPark.a */,
			);
			name = Frameworks;
			sourceTree = "<group>";
		};
/* End PBXGroup section */

/* Begin PBXNativeTarget section */
		086F0D01204CDD3E00F354EC /* SmarkPark */ = {
			isa = PBXNativeTarget;
			buildConfigurationList = 086F0D2E204CDD3E00F354EC /* Build configuration list for PBXNativeTarget "SmarkPark" */;
			buildPhases = (
				CF662E1C0AC36A9D3B47EA9E /* [CP] Check Pods Manifest.lock */,
				086F0CFE204CDD3E00F354EC /* Sources */,
				086F0CFF204CDD3E00F354EC /* Frameworks */,
				086F0D00204CDD3E00F354EC /* Resources */,
				6FB02BFBBFD8B3C3A91C6893 /* [CP] Embed Pods Frameworks */,
				6DB953C164584277D739B843 /* [CP] Copy Pods Resources */,
			);
			buildRules = (
			);
			dependencies = (
			);
			name = SmarkPark;
			productName = SmarkPark;
			productReference = 086F0D02204CDD3E00F354EC /* SmarkPark.app */;
			productType = "com.apple.product-type.application";
		};
		086F0D19204CDD3E00F354EC /* SmarkParkTests */ = {
			isa = PBXNativeTarget;
			buildConfigurationList = 086F0D31204CDD3E00F354EC /* Build configuration list for PBXNativeTarget "SmarkParkTests" */;
			buildPhases = (
				086F0D16204CDD3E00F354EC /* Sources */,
				086F0D17204CDD3E00F354EC /* Frameworks */,
				086F0D18204CDD3E00F354EC /* Resources */,
			);
			buildRules = (
			);
			dependencies = (
				086F0D1C204CDD3E00F354EC /* PBXTargetDependency */,
			);
			name = SmarkParkTests;
			productName = SmarkParkTests;
			productReference = 086F0D1A204CDD3E00F354EC /* SmarkParkTests.xctest */;
			productType = "com.apple.product-type.bundle.unit-test";
		};
		086F0D24204CDD3E00F354EC /* SmarkParkUITests */ = {
			isa = PBXNativeTarget;
			buildConfigurationList = 086F0D34204CDD3E00F354EC /* Build configuration list for PBXNativeTarget "SmarkParkUITests" */;
			buildPhases = (
				086F0D21204CDD3E00F354EC /* Sources */,
				086F0D22204CDD3E00F354EC /* Frameworks */,
				086F0D23204CDD3E00F354EC /* Resources */,
			);
			buildRules = (
			);
			dependencies = (
				086F0D27204CDD3E00F354EC /* PBXTargetDependency */,
			);
			name = SmarkParkUITests;
			productName = SmarkParkUITests;
			productReference = 086F0D25204CDD3E00F354EC /* SmarkParkUITests.xctest */;
			productType = "com.apple.product-type.bundle.ui-testing";
		};
/* End PBXNativeTarget section */

/* Begin PBXProject section */
		086F0CFA204CDD3E00F354EC /* Project object */ = {
			isa = PBXProject;
			attributes = {
				LastUpgradeCheck = 0920;
				ORGANIZATIONNAME = SmartPark;
				TargetAttributes = {
					086F0D01204CDD3E00F354EC = {
						CreatedOnToolsVersion = 9.2;
						ProvisioningStyle = Automatic;
					};
					086F0D19204CDD3E00F354EC = {
						CreatedOnToolsVersion = 9.2;
						ProvisioningStyle = Automatic;
						TestTargetID = 086F0D01204CDD3E00F354EC;
					};
					086F0D24204CDD3E00F354EC = {
						CreatedOnToolsVersion = 9.2;
						ProvisioningStyle = Automatic;
						TestTargetID = 086F0D01204CDD3E00F354EC;
					};
				};
			};
			buildConfigurationList = 086F0CFD204CDD3E00F354EC /* Build configuration list for PBXProject "SmarkPark" */;
			compatibilityVersion = "Xcode 8.0";
			developmentRegion = en;
			hasScannedForEncodings = 0;
			knownRegions = (
				en,
				Base,
			);
			mainGroup = 086F0CF9204CDD3E00F354EC;
			productRefGroup = 086F0D03204CDD3E00F354EC /* Products */;
			projectDirPath = "";
			projectRoot = "";
			targets = (
				086F0D01204CDD3E00F354EC /* SmarkPark */,
				086F0D19204CDD3E00F354EC /* SmarkParkTests */,
				086F0D24204CDD3E00F354EC /* SmarkParkUITests */,
			);
		};
/* End PBXProject section */

/* Begin PBXResourcesBuildPhase section */
		086F0D00204CDD3E00F354EC /* Resources */ = {
			isa = PBXResourcesBuildPhase;
			buildActionMask = 2147483647;
			files = (
				08081E522057B3C2005CB86B /* README.md in Resources */,
				0808213C205F8E080051980D /* EnsureCancelController.xib in Resources */,
				086F0D0F204CDD3E00F354EC /* Assets.xcassets in Resources */,
				0802884D205BBAF400FEBA4E /* EnsureReserveController.xib in Resources */,
				087282852056806B0098B358 /* ProtocolViewController.xib in Resources */,
				08028842205A5BEF00FEBA4E /* FindCarportDetailController.xib in Resources */,
				08728280205676D10098B358 /* FindPsdViewController.xib in Resources */,
				086F0D42204CE18600F354EC /* HomeViewController.xib in Resources */,
				086F0D51204D0C1800F354EC /* LoginViewController.xib in Resources */,
				0802883A205A21C400FEBA4E /* FindCarportCell.xib in Resources */,
				080288272059205600FEBA4E /* SignUserInfoController.xib in Resources */,
				0802882F20592B2900FEBA4E /* MineViewController.xib in Resources */,
				08FEE8EA2063B2A200ADA00F /* PublishViewController.xib in Resources */,
				08028834205A191000FEBA4E /* FindCarportViewController.xib in Resources */,
			);
			runOnlyForDeploymentPostprocessing = 0;
		};
		086F0D18204CDD3E00F354EC /* Resources */ = {
			isa = PBXResourcesBuildPhase;
			buildActionMask = 2147483647;
			files = (
			);
			runOnlyForDeploymentPostprocessing = 0;
		};
		086F0D23204CDD3E00F354EC /* Resources */ = {
			isa = PBXResourcesBuildPhase;
			buildActionMask = 2147483647;
			files = (
			);
			runOnlyForDeploymentPostprocessing = 0;
		};
/* End PBXResourcesBuildPhase section */

/* Begin PBXShellScriptBuildPhase section */
		6DB953C164584277D739B843 /* [CP] Copy Pods Resources */ = {
			isa = PBXShellScriptBuildPhase;
			buildActionMask = 2147483647;
			files = (
			);
			inputPaths = (
				"${SRCROOT}/Pods/Target Support Files/Pods-SmarkPark/Pods-SmarkPark-resources.sh",
				"${PODS_ROOT}/AMap3DMap/MAMapKit.framework/AMap.bundle",
				"${PODS_ROOT}/AMapNavi/AMapNaviKit.framework/AMapNavi.bundle",
				"${PODS_ROOT}/IQKeyboardManager/IQKeyboardManager/Resources/IQKeyboardManager.bundle",
				"${PODS_ROOT}/MJRefresh/MJRefresh/MJRefresh.bundle",
				"${PODS_ROOT}/SVProgressHUD/SVProgressHUD/SVProgressHUD.bundle",
			);
			name = "[CP] Copy Pods Resources";
			outputPaths = (
				"${TARGET_BUILD_DIR}/${UNLOCALIZED_RESOURCES_FOLDER_PATH}",
			);
			runOnlyForDeploymentPostprocessing = 0;
			shellPath = /bin/sh;
			shellScript = "\"${SRCROOT}/Pods/Target Support Files/Pods-SmarkPark/Pods-SmarkPark-resources.sh\"\n";
			showEnvVarsInLog = 0;
		};
		6FB02BFBBFD8B3C3A91C6893 /* [CP] Embed Pods Frameworks */ = {
			isa = PBXShellScriptBuildPhase;
			buildActionMask = 2147483647;
			files = (
			);
			inputPaths = (
			);
			name = "[CP] Embed Pods Frameworks";
			outputPaths = (
			);
			runOnlyForDeploymentPostprocessing = 0;
			shellPath = /bin/sh;
			shellScript = "\"${SRCROOT}/Pods/Target Support Files/Pods-SmarkPark/Pods-SmarkPark-frameworks.sh\"\n";
			showEnvVarsInLog = 0;
		};
		CF662E1C0AC36A9D3B47EA9E /* [CP] Check Pods Manifest.lock */ = {
			isa = PBXShellScriptBuildPhase;
			buildActionMask = 2147483647;
			files = (
			);
			inputPaths = (
				"${PODS_PODFILE_DIR_PATH}/Podfile.lock",
				"${PODS_ROOT}/Manifest.lock",
			);
			name = "[CP] Check Pods Manifest.lock";
			outputPaths = (
				"$(DERIVED_FILE_DIR)/Pods-SmarkPark-checkManifestLockResult.txt",
			);
			runOnlyForDeploymentPostprocessing = 0;
			shellPath = /bin/sh;
			shellScript = "diff \"${PODS_PODFILE_DIR_PATH}/Podfile.lock\" \"${PODS_ROOT}/Manifest.lock\" > /dev/null\nif [ $? != 0 ] ; then\n    # print error to STDERR\n    echo \"error: The sandbox is not in sync with the Podfile.lock. Run 'pod install' or update your CocoaPods installation.\" >&2\n    exit 1\nfi\n# This output is used by Xcode 'outputs' to avoid re-running this script phase.\necho \"SUCCESS\" > \"${SCRIPT_OUTPUT_FILE_0}\"\n";
			showEnvVarsInLog = 0;
		};
/* End PBXShellScriptBuildPhase section */

/* Begin PBXSourcesBuildPhase section */
		086F0CFE204CDD3E00F354EC /* Sources */ = {
			isa = PBXSourcesBuildPhase;
			buildActionMask = 2147483647;
			files = (
				086F0D5A204D0E3900F354EC /* HomeWeatherView.m in Sources */,
				080288262059205600FEBA4E /* SignUserInfoController.m in Sources */,
				080A7ACD205126C800245D7D /* LoginSegment.m in Sources */,
				086F0D15204CDD3E00F354EC /* main.m in Sources */,
				08081E4C2057A2CC005CB86B /* NetworkTool.m in Sources */,
				0802884C205BBAF400FEBA4E /* EnsureReserveController.m in Sources */,
				087282842056806B0098B358 /* ProtocolViewController.m in Sources */,
				0802881F2058EC7600FEBA4E /* CommonSystemAlert.m in Sources */,
				08028841205A5BEF00FEBA4E /* FindCarportDetailController.m in Sources */,
				08081E4920577F8B005CB86B /* RelayoutButton.m in Sources */,
				08028833205A191000FEBA4E /* FindCarportViewController.m in Sources */,
				08081E4520577C57005CB86B /* LeftViewTextField.m in Sources */,
				08028848205B641900FEBA4E /* GeocodeAnnotation.m in Sources */,
				08028839205A21C400FEBA4E /* FindCarportCell.m in Sources */,
				086F0D07204CDD3E00F354EC /* AppDelegate.m in Sources */,
				0808213B205F8E080051980D /* EnsureCancelController.m in Sources */,
				080A7AC42050DE3700245D7D /* LoginView.m in Sources */,
				0802882A2059297800FEBA4E /* AlertView.m in Sources */,
				0835768D205272D800C51BFF /* UserStatus.m in Sources */,
				08028845205A775300FEBA4E /* MinePointAnnotation.m in Sources */,
				08FEE8E92063B2A200ADA00F /* PublishViewController.m in Sources */,
				086F0D50204D0C1800F354EC /* LoginViewController.m in Sources */,
				080A7ACA20510E4500245D7D /* BackBtnLayer.m in Sources */,
				0802882E20592B2900FEBA4E /* MineViewController.m in Sources */,
				086F0D3D204CE0D600F354EC /* BasicViewController.m in Sources */,
				0802883D205A228A00FEBA4E /* FindCarportHeader.m in Sources */,
				0872827F205676D10098B358 /* FindPsdViewController.m in Sources */,
				08081E512057B3C2005CB86B /* JSONKit.m in Sources */,
				086F0D41204CE18600F354EC /* HomeViewController.m in Sources */,
				080A7AC72050DE4400245D7D /* SignView.m in Sources */,
				087282892056B7F30098B358 /* CommonNetwork.m in Sources */,
				086F0D97204D35C300F354EC /* CommonTools.m in Sources */,
				086F0D45204CE66A00F354EC /* BootViewControllerManager.m in Sources */,
			);
			runOnlyForDeploymentPostprocessing = 0;
		};
		086F0D16204CDD3E00F354EC /* Sources */ = {
			isa = PBXSourcesBuildPhase;
			buildActionMask = 2147483647;
			files = (
				086F0D1F204CDD3E00F354EC /* SmarkParkTests.m in Sources */,
			);
			runOnlyForDeploymentPostprocessing = 0;
		};
		086F0D21204CDD3E00F354EC /* Sources */ = {
			isa = PBXSourcesBuildPhase;
			buildActionMask = 2147483647;
			files = (
				086F0D2A204CDD3E00F354EC /* SmarkParkUITests.m in Sources */,
			);
			runOnlyForDeploymentPostprocessing = 0;
		};
/* End PBXSourcesBuildPhase section */

/* Begin PBXTargetDependency section */
		086F0D1C204CDD3E00F354EC /* PBXTargetDependency */ = {
			isa = PBXTargetDependency;
			target = 086F0D01204CDD3E00F354EC /* SmarkPark */;
			targetProxy = 086F0D1B204CDD3E00F354EC /* PBXContainerItemProxy */;
		};
		086F0D27204CDD3E00F354EC /* PBXTargetDependency */ = {
			isa = PBXTargetDependency;
			target = 086F0D01204CDD3E00F354EC /* SmarkPark */;
			targetProxy = 086F0D26204CDD3E00F354EC /* PBXContainerItemProxy */;
		};
/* End PBXTargetDependency section */

/* Begin XCBuildConfiguration section */
		086F0D2C204CDD3E00F354EC /* Debug */ = {
			isa = XCBuildConfiguration;
			buildSettings = {
				ALWAYS_SEARCH_USER_PATHS = NO;
				CLANG_ANALYZER_NONNULL = YES;
				CLANG_ANALYZER_NUMBER_OBJECT_CONVERSION = YES_AGGRESSIVE;
				CLANG_CXX_LANGUAGE_STANDARD = "gnu++14";
				CLANG_CXX_LIBRARY = "libc++";
				CLANG_ENABLE_MODULES = YES;
				CLANG_ENABLE_OBJC_ARC = YES;
				CLANG_WARN_BLOCK_CAPTURE_AUTORELEASING = YES;
				CLANG_WARN_BOOL_CONVERSION = YES;
				CLANG_WARN_COMMA = YES;
				CLANG_WARN_CONSTANT_CONVERSION = YES;
				CLANG_WARN_DIRECT_OBJC_ISA_USAGE = YES_ERROR;
				CLANG_WARN_DOCUMENTATION_COMMENTS = YES;
				CLANG_WARN_EMPTY_BODY = YES;
				CLANG_WARN_ENUM_CONVERSION = YES;
				CLANG_WARN_INFINITE_RECURSION = YES;
				CLANG_WARN_INT_CONVERSION = YES;
				CLANG_WARN_NON_LITERAL_NULL_CONVERSION = YES;
				CLANG_WARN_OBJC_LITERAL_CONVERSION = YES;
				CLANG_WARN_OBJC_ROOT_CLASS = YES_ERROR;
				CLANG_WARN_RANGE_LOOP_ANALYSIS = YES;
				CLANG_WARN_STRICT_PROTOTYPES = YES;
				CLANG_WARN_SUSPICIOUS_MOVE = YES;
				CLANG_WARN_UNGUARDED_AVAILABILITY = YES_AGGRESSIVE;
				CLANG_WARN_UNREACHABLE_CODE = YES;
				CLANG_WARN__DUPLICATE_METHOD_MATCH = YES;
				CODE_SIGN_IDENTITY = "iPhone Developer";
				COPY_PHASE_STRIP = NO;
				DEBUG_INFORMATION_FORMAT = dwarf;
				ENABLE_STRICT_OBJC_MSGSEND = YES;
				ENABLE_TESTABILITY = YES;
				GCC_C_LANGUAGE_STANDARD = gnu11;
				GCC_DYNAMIC_NO_PIC = NO;
				GCC_NO_COMMON_BLOCKS = YES;
				GCC_OPTIMIZATION_LEVEL = 0;
				GCC_PREPROCESSOR_DEFINITIONS = (
					"DEBUG=1",
					"$(inherited)",
				);
				GCC_WARN_64_TO_32_BIT_CONVERSION = YES;
				GCC_WARN_ABOUT_RETURN_TYPE = YES_ERROR;
				GCC_WARN_UNDECLARED_SELECTOR = YES;
				GCC_WARN_UNINITIALIZED_AUTOS = YES_AGGRESSIVE;
				GCC_WARN_UNUSED_FUNCTION = YES;
				GCC_WARN_UNUSED_VARIABLE = YES;
				IPHONEOS_DEPLOYMENT_TARGET = 11.2;
				MTL_ENABLE_DEBUG_INFO = YES;
				ONLY_ACTIVE_ARCH = YES;
				SDKROOT = iphoneos;
			};
			name = Debug;
		};
		086F0D2D204CDD3E00F354EC /* Release */ = {
			isa = XCBuildConfiguration;
			buildSettings = {
				ALWAYS_SEARCH_USER_PATHS = NO;
				CLANG_ANALYZER_NONNULL = YES;
				CLANG_ANALYZER_NUMBER_OBJECT_CONVERSION = YES_AGGRESSIVE;
				CLANG_CXX_LANGUAGE_STANDARD = "gnu++14";
				CLANG_CXX_LIBRARY = "libc++";
				CLANG_ENABLE_MODULES = YES;
				CLANG_ENABLE_OBJC_ARC = YES;
				CLANG_WARN_BLOCK_CAPTURE_AUTORELEASING = YES;
				CLANG_WARN_BOOL_CONVERSION = YES;
				CLANG_WARN_COMMA = YES;
				CLANG_WARN_CONSTANT_CONVERSION = YES;
				CLANG_WARN_DIRECT_OBJC_ISA_USAGE = YES_ERROR;
				CLANG_WARN_DOCUMENTATION_COMMENTS = YES;
				CLANG_WARN_EMPTY_BODY = YES;
				CLANG_WARN_ENUM_CONVERSION = YES;
				CLANG_WARN_INFINITE_RECURSION = YES;
				CLANG_WARN_INT_CONVERSION = YES;
				CLANG_WARN_NON_LITERAL_NULL_CONVERSION = YES;
				CLANG_WARN_OBJC_LITERAL_CONVERSION = YES;
				CLANG_WARN_OBJC_ROOT_CLASS = YES_ERROR;
				CLANG_WARN_RANGE_LOOP_ANALYSIS = YES;
				CLANG_WARN_STRICT_PROTOTYPES = YES;
				CLANG_WARN_SUSPICIOUS_MOVE = YES;
				CLANG_WARN_UNGUARDED_AVAILABILITY = YES_AGGRESSIVE;
				CLANG_WARN_UNREACHABLE_CODE = YES;
				CLANG_WARN__DUPLICATE_METHOD_MATCH = YES;
				CODE_SIGN_IDENTITY = "iPhone Developer";
				COPY_PHASE_STRIP = NO;
				DEBUG_INFORMATION_FORMAT = "dwarf-with-dsym";
				ENABLE_NS_ASSERTIONS = NO;
				ENABLE_STRICT_OBJC_MSGSEND = YES;
				GCC_C_LANGUAGE_STANDARD = gnu11;
				GCC_NO_COMMON_BLOCKS = YES;
				GCC_WARN_64_TO_32_BIT_CONVERSION = YES;
				GCC_WARN_ABOUT_RETURN_TYPE = YES_ERROR;
				GCC_WARN_UNDECLARED_SELECTOR = YES;
				GCC_WARN_UNINITIALIZED_AUTOS = YES_AGGRESSIVE;
				GCC_WARN_UNUSED_FUNCTION = YES;
				GCC_WARN_UNUSED_VARIABLE = YES;
				IPHONEOS_DEPLOYMENT_TARGET = 11.2;
				MTL_ENABLE_DEBUG_INFO = NO;
				SDKROOT = iphoneos;
				VALIDATE_PRODUCT = YES;
			};
			name = Release;
		};
		086F0D2F204CDD3E00F354EC /* Debug */ = {
			isa = XCBuildConfiguration;
			baseConfigurationReference = 47BA932D9E6BB6207B8AF880 /* Pods-SmarkPark.debug.xcconfig */;
			buildSettings = {
				ASSETCATALOG_COMPILER_APPICON_NAME = AppIcon;
				ASSETCATALOG_COMPILER_LAUNCHIMAGE_NAME = LaunchImage;
				CODE_SIGN_STYLE = Automatic;
				DEVELOPMENT_TEAM = 624TUL8XMA;
				GCC_PRECOMPILE_PREFIX_HEADER = NO;
				GCC_PREFIX_HEADER = "$(SRCROOT)/SmarkPark/PrefixHeader.pch";
				INFOPLIST_FILE = SmarkPark/Info.plist;
				IPHONEOS_DEPLOYMENT_TARGET = 9.0;
				LD_RUNPATH_SEARCH_PATHS = "$(inherited) @executable_path/Frameworks";
				PRODUCT_BUNDLE_IDENTIFIER = com.SandClock.ParkAnyTime;
				PRODUCT_NAME = "$(TARGET_NAME)";
				TARGETED_DEVICE_FAMILY = 1;
			};
			name = Debug;
		};
		086F0D30204CDD3E00F354EC /* Release */ = {
			isa = XCBuildConfiguration;
			baseConfigurationReference = C631A72CE29ED439BF54406F /* Pods-SmarkPark.release.xcconfig */;
			buildSettings = {
				ASSETCATALOG_COMPILER_APPICON_NAME = AppIcon;
				ASSETCATALOG_COMPILER_LAUNCHIMAGE_NAME = LaunchImage;
				CODE_SIGN_STYLE = Automatic;
				DEVELOPMENT_TEAM = 624TUL8XMA;
				GCC_PRECOMPILE_PREFIX_HEADER = NO;
				GCC_PREFIX_HEADER = "$(SRCROOT)/SmarkPark/PrefixHeader.pch";
				INFOPLIST_FILE = SmarkPark/Info.plist;
				IPHONEOS_DEPLOYMENT_TARGET = 9.0;
				LD_RUNPATH_SEARCH_PATHS = "$(inherited) @executable_path/Frameworks";
				PRODUCT_BUNDLE_IDENTIFIER = com.SandClock.ParkAnyTime;
				PRODUCT_NAME = "$(TARGET_NAME)";
				TARGETED_DEVICE_FAMILY = 1;
			};
			name = Release;
		};
		086F0D32204CDD3E00F354EC /* Debug */ = {
			isa = XCBuildConfiguration;
			buildSettings = {
				BUNDLE_LOADER = "$(TEST_HOST)";
				CODE_SIGN_STYLE = Automatic;
				DEVELOPMENT_TEAM = 624TUL8XMA;
				INFOPLIST_FILE = SmarkParkTests/Info.plist;
				LD_RUNPATH_SEARCH_PATHS = "$(inherited) @executable_path/Frameworks @loader_path/Frameworks";
				PRODUCT_BUNDLE_IDENTIFIER = SmartPark.SmarkParkTests;
				PRODUCT_NAME = "$(TARGET_NAME)";
				TARGETED_DEVICE_FAMILY = "1,2";
				TEST_HOST = "$(BUILT_PRODUCTS_DIR)/SmarkPark.app/SmarkPark";
			};
			name = Debug;
		};
		086F0D33204CDD3E00F354EC /* Release */ = {
			isa = XCBuildConfiguration;
			buildSettings = {
				BUNDLE_LOADER = "$(TEST_HOST)";
				CODE_SIGN_STYLE = Automatic;
				DEVELOPMENT_TEAM = 624TUL8XMA;
				INFOPLIST_FILE = SmarkParkTests/Info.plist;
				LD_RUNPATH_SEARCH_PATHS = "$(inherited) @executable_path/Frameworks @loader_path/Frameworks";
				PRODUCT_BUNDLE_IDENTIFIER = SmartPark.SmarkParkTests;
				PRODUCT_NAME = "$(TARGET_NAME)";
				TARGETED_DEVICE_FAMILY = "1,2";
				TEST_HOST = "$(BUILT_PRODUCTS_DIR)/SmarkPark.app/SmarkPark";
			};
			name = Release;
		};
		086F0D35204CDD3E00F354EC /* Debug */ = {
			isa = XCBuildConfiguration;
			buildSettings = {
				CODE_SIGN_STYLE = Automatic;
				DEVELOPMENT_TEAM = 624TUL8XMA;
				INFOPLIST_FILE = SmarkParkUITests/Info.plist;
				LD_RUNPATH_SEARCH_PATHS = "$(inherited) @executable_path/Frameworks @loader_path/Frameworks";
				PRODUCT_BUNDLE_IDENTIFIER = SmartPark.SmarkParkUITests;
				PRODUCT_NAME = "$(TARGET_NAME)";
				TARGETED_DEVICE_FAMILY = "1,2";
				TEST_TARGET_NAME = SmarkPark;
			};
			name = Debug;
		};
		086F0D36204CDD3E00F354EC /* Release */ = {
			isa = XCBuildConfiguration;
			buildSettings = {
				CODE_SIGN_STYLE = Automatic;
				DEVELOPMENT_TEAM = 624TUL8XMA;
				INFOPLIST_FILE = SmarkParkUITests/Info.plist;
				LD_RUNPATH_SEARCH_PATHS = "$(inherited) @executable_path/Frameworks @loader_path/Frameworks";
				PRODUCT_BUNDLE_IDENTIFIER = SmartPark.SmarkParkUITests;
				PRODUCT_NAME = "$(TARGET_NAME)";
				TARGETED_DEVICE_FAMILY = "1,2";
				TEST_TARGET_NAME = SmarkPark;
			};
			name = Release;
		};
/* End XCBuildConfiguration section */

/* Begin XCConfigurationList section */
		086F0CFD204CDD3E00F354EC /* Build configuration list for PBXProject "SmarkPark" */ = {
			isa = XCConfigurationList;
			buildConfigurations = (
				086F0D2C204CDD3E00F354EC /* Debug */,
				086F0D2D204CDD3E00F354EC /* Release */,
			);
			defaultConfigurationIsVisible = 0;
			defaultConfigurationName = Release;
		};
		086F0D2E204CDD3E00F354EC /* Build configuration list for PBXNativeTarget "SmarkPark" */ = {
			isa = XCConfigurationList;
			buildConfigurations = (
				086F0D2F204CDD3E00F354EC /* Debug */,
				086F0D30204CDD3E00F354EC /* Release */,
			);
			defaultConfigurationIsVisible = 0;
			defaultConfigurationName = Release;
		};
		086F0D31204CDD3E00F354EC /* Build configuration list for PBXNativeTarget "SmarkParkTests" */ = {
			isa = XCConfigurationList;
			buildConfigurations = (
				086F0D32204CDD3E00F354EC /* Debug */,
				086F0D33204CDD3E00F354EC /* Release */,
			);
			defaultConfigurationIsVisible = 0;
			defaultConfigurationName = Release;
		};
		086F0D34204CDD3E00F354EC /* Build configuration list for PBXNativeTarget "SmarkParkUITests" */ = {
			isa = XCConfigurationList;
			buildConfigurations = (
				086F0D35204CDD3E00F354EC /* Debug */,
				086F0D36204CDD3E00F354EC /* Release */,
			);
			defaultConfigurationIsVisible = 0;
			defaultConfigurationName = Release;
		};
/* End XCConfigurationList section */
	};
	rootObject = 086F0CFA204CDD3E00F354EC /* Project object */;
}
